
Microsoft Visual Studio Solution File, Format Version 12.00
# Visual Studio 2013
VisualStudioVersion = 12.0.30324.0
MinimumVisualStudioVersion = 10.0.40219.1
Project("{F2A71F9B-5D33-465A-A702-920D77279786}") = "CSHighhighter", "CSHighhighter\CSHighhighter.fsproj", "{77A800FF-0357-46C9-AF8A-0B505ABC5713}"
EndProject
Project("{F2A71F9B-5D33-465A-A702-920D77279786}") = "HighlighterLib", "HighlighterLib\HighlighterLib.fsproj", "{2B1161B9-E541-4BFC-9A0D-9EF9A714F121}"
EndProject
Project("{FAE04EC0-301F-11D3-BF4B-00C04F79EFBC}") = "TestWebsite", "TestWebsite\TestWebsite.csproj", "{4CD29EC7-5366-4EFB-BEA8-87B0480371D0}"
EndProject
Project("{FAE04EC0-301F-11D3-BF4B-00C04F79EFBC}") = "HighlighterLib.Templating", "HighlighterLib.Templating\HighlighterLib.Templating.csproj", "{2F7FD1E6-10AD-485C-9544-51F49A7A0E26}"
EndProject
Global
	GlobalSection(SolutionConfigurationPlatforms) = preSolution
		Debug|Any CPU = Debug|Any CPU
		Release|Any CPU = Release|Any CPU
	EndGlobalSection
	GlobalSection(ProjectConfigurationPlatforms) = postSolution
		{77A800FF-0357-46C9-AF8A-0B505ABC5713}.Debug|Any CPU.ActiveCfg = Debug|Any CPU
		{77A800FF-0357-46C9-AF8A-0B505ABC5713}.Debug|Any CPU.Build.0 = Debug|Any CPU
		{77A800FF-0357-46C9-AF8A-0B505ABC5713}.Release|Any CPU.ActiveCfg = Release|Any CPU
		{77A800FF-0357-46C9-AF8A-0B505ABC5713}.Release|Any CPU.Build.0 = Release|Any CPU
		{2B1161B9-E541-4BFC-9A0D-9EF9A714F121}.Debug|Any CPU.ActiveCfg = Debug|Any CPU
		{2B1161B9-E541-4BFC-9A0D-9EF9A714F121}.Debug|Any CPU.Build.0 = Debug|Any CPU
		{2B1161B9-E541-4BFC-9A0D-9EF9A714F121}.Release|Any CPU.ActiveCfg = Release|Any CPU
		{2B1161B9-E541-4BFC-9A0D-9EF9A714F121}.Release|Any CPU.Build.0 = Release|Any CPU
		{4CD29EC7-5366-4EFB-BEA8-87B0480371D0}.Debug|Any CPU.ActiveCfg = Debug|Any CPU
		{4CD29EC7-5366-4EFB-BEA8-87B0480371D0}.Debug|Any CPU.Build.0 = Debug|Any CPU
		{4CD29EC7-5366-4EFB-BEA8-87B0480371D0}.Release|Any CPU.ActiveCfg = Release|Any CPU
		{4CD29EC7-5366-4EFB-BEA8-87B0480371D0}.Release|Any CPU.Build.0 = Release|Any CPU
		{2F7FD1E6-10AD-485C-9544-51F49A7A0E26}.Debug|Any CPU.ActiveCfg = Debug|Any CPU
		{2F7FD1E6-10AD-485C-9544-51F49A7A0E26}.Debug|Any CPU.Build.0 = Debug|Any CPU
		{2F7FD1E6-10AD-485C-9544-51F49A7A0E26}.Release|Any CPU.ActiveCfg = Release|Any CPU
		{2F7FD1E6-10AD-485C-9544-51F49A7A0E26}.Release|Any CPU.Build.0 = Release|Any CPU
	EndGlobalSection
	GlobalSection(SolutionProperties) = preSolution
		HideSolutionNode = FALSE
	EndGlobalSection
EndGlobal
